
Microsoft Visual Studio Solution File, Format Version 11.00
# Visual Studio 2010
Project("{8BC9CEB8-8B4A-11D0-8D11-00A0C91BC942}") = "server", "server\server.vcxproj", "{42B34BE0-6F29-4578-9ACE-71791A8BDDCE}"
EndProject
Project("{8BC9CEB8-8B4A-11D0-8D11-00A0C91BC942}") = "client", "client\client.vcxproj", "{F686FA56-5C37-42D4-9C7F-38EAB42A423D}"
EndProject
Global
	GlobalSection(SolutionConfigurationPlatforms) = preSolution
		Debug|Win32 = Debug|Win32
		Release|Win32 = Release|Win32
	EndGlobalSection
	GlobalSection(ProjectConfigurationPlatforms) = postSolution
		{42B34BE0-6F29-4578-9ACE-71791A8BDDCE}.Debug|Win32.ActiveCfg = Debug|Win32
		{42B34BE0-6F29-4578-9ACE-71791A8BDDCE}.Debug|Win32.Build.0 = Debug|Win32
		{42B34BE0-6F29-4578-9ACE-71791A8BDDCE}.Release|Win32.ActiveCfg = Release|Win32
		{42B34BE0-6F29-4578-9ACE-71791A8BDDCE}.Release|Win32.Build.0 = Release|Win32
		{F686FA56-5C37-42D4-9C7F-38EAB42A423D}.Debug|Win32.ActiveCfg = Debug|Win32
		{F686FA56-5C37-42D4-9C7F-38EAB42A423D}.Debug|Win32.Build.0 = Debug|Win32
		{F686FA56-5C37-42D4-9C7F-38EAB42A423D}.Release|Win32.ActiveCfg = Release|Win32
		{F686FA56-5C37-42D4-9C7F-38EAB42A423D}.Release|Win32.Build.0 = Release|Win32
	EndGlobalSection
	GlobalSection(SolutionProperties) = preSolution
		HideSolutionNode = FALSE
	EndGlobalSection
EndGlobal
